{
  "name": "be-joining",
  "version": "0.0.1",
  "lockfileVersion": 3,
  "requires": true,
  "packages": {
    "": {
      "name": "be-joining",
      "version": "0.0.1",
      "license": "MIT",
      "dependencies": {
        "be-enhanced": "0.0.170",
        "be-hive": "0.0.250",
        "mount-observer": "0.0.45",
        "trans-render": "0.0.889",
        "xp-as": "0.0.4"
      },
      "devDependencies": {
        "@playwright/test": "1.51.1",
        "ssi-server": "0.0.1"
      }
    },
    "node_modules/@playwright/test": {
      "version": "1.51.1",
      "resolved": "https://registry.npmjs.org/@playwright/test/-/test-1.51.1.tgz",
      "integrity": "sha512-nM+kEaTSAoVlXmMPH10017vn3FSiFqr/bh4fKg9vmAdMfd9SDqRZNvPSiAHADc/itWak+qPvMPZQOPwCBW7k7Q==",
      "dev": true,
      "license": "Apache-2.0",
      "dependencies": {
        "playwright": "1.51.1"
      },
      "bin": {
        "playwright": "cli.js"
      },
      "engines": {
        "node": ">=18"
      }
    },
    "node_modules/be-enhanced": {
      "version": "0.0.170",
      "resolved": "https://registry.npmjs.org/be-enhanced/-/be-enhanced-0.0.170.tgz",
      "integrity": "sha512-LOMHIsj9opRcLV+6Qy9aPLzggP6TxM3WLC5QIdzhcrBa1Y4wBOlA0kwwK4dHdAdAfqyZvZEIlY+6lUIOThBCiA==",
      "license": "MIT",
      "dependencies": {
        "trans-render": "0.0.889"
      }
    },
    "node_modules/be-hive": {
      "version": "0.0.250",
      "resolved": "https://registry.npmjs.org/be-hive/-/be-hive-0.0.250.tgz",
      "integrity": "sha512-+t8G5kaXMOTzAWGCgdB1n4hrsznhPsB+6OBx97pxLBMqyPfJrzonG3+TGavj7E7pCdDnltHK1pJ4XDwJ1MvqfA==",
      "license": "MIT",
      "dependencies": {
        "be-enhanced": "0.0.170",
        "mount-observer": "0.0.45",
        "trans-render": "0.0.889"
      }
    },
    "node_modules/fsevents": {
      "version": "2.3.2",
      "resolved": "https://registry.npmjs.org/fsevents/-/fsevents-2.3.2.tgz",
      "integrity": "sha512-xiqMQR4xAeHTuB9uWm+fFRcIOgKBMiOBP+eXiyT7jsgVCq1bkVygt00oASowB7EdtpOHaaPgKt812P9ab+DDKA==",
      "dev": true,
      "hasInstallScript": true,
      "license": "MIT",
      "optional": true,
      "os": [
        "darwin"
      ],
      "engines": {
        "node": "^8.16.0 || ^10.6.0 || >=11.0.0"
      }
    },
    "node_modules/mount-observer": {
      "version": "0.0.45",
      "resolved": "https://registry.npmjs.org/mount-observer/-/mount-observer-0.0.45.tgz",
      "integrity": "sha512-ok/I5HPSELsPDda0hHQtyEYWY7AZmlfOT3evQaAYUHF1NDQB4EDDHks+J806lIr0ZFx52PMuOh1MzulHijuZAA==",
      "license": "MIT"
    },
    "node_modules/playwright": {
      "version": "1.51.1",
      "resolved": "https://registry.npmjs.org/playwright/-/playwright-1.51.1.tgz",
      "integrity": "sha512-kkx+MB2KQRkyxjYPc3a0wLZZoDczmppyGJIvQ43l+aZihkaVvmu/21kiyaHeHjiFxjxNNFnUncKmcGIyOojsaw==",
      "dev": true,
      "license": "Apache-2.0",
      "dependencies": {
        "playwright-core": "1.51.1"
      },
      "bin": {
        "playwright": "cli.js"
      },
      "engines": {
        "node": ">=18"
      },
      "optionalDependencies": {
        "fsevents": "2.3.2"
      }
    },
    "node_modules/playwright-core": {
      "version": "1.51.1",
      "resolved": "https://registry.npmjs.org/playwright-core/-/playwright-core-1.51.1.tgz",
      "integrity": "sha512-/crRMj8+j/Nq5s8QcvegseuyeZPxpQCZb6HNk3Sos3BlZyAknRjoyJPFWkpNn8v0+P3WiwqFF8P+zQo4eqiNuw==",
      "dev": true,
      "license": "Apache-2.0",
      "bin": {
        "playwright-core": "cli.js"
      },
      "engines": {
        "node": ">=18"
      }
    },
    "node_modules/ssi-server": {
      "version": "0.0.1",
      "resolved": "https://registry.npmjs.org/ssi-server/-/ssi-server-0.0.1.tgz",
      "integrity": "sha512-HdgGAl+z7O0lq3Bl4cCnj4tKg7mG3rI4srKnaoPTHIzHO4QMMdvP9z6IDRz1fIpgLBMi6b6ZnvbYa2TSPjBhpg==",
      "dev": true,
      "license": "Apache-2.0"
    },
    "node_modules/trans-render": {
      "version": "0.0.889",
      "resolved": "https://registry.npmjs.org/trans-render/-/trans-render-0.0.889.tgz",
      "integrity": "sha512-HsZoTLyMs8AxKPf2Z63P3ssg6sBorQcjlwhRfi5Jf9ony78LDmM1PefKFlTpz8uu9DSmrMRfL47lJVGuby+vHw==",
      "license": "MIT",
      "dependencies": {
        "mount-observer": "0.0.45"
      }
    },
    "node_modules/xp-as": {
      "version": "0.0.4",
      "resolved": "https://registry.npmjs.org/xp-as/-/xp-as-0.0.4.tgz",
      "integrity": "sha512-ZRzUGyBbufHFYy91zZ/HGV09HqyZHJ5X08+UQMlJPEkv8C8nNKSDpaNm5+SydHL2jTIdDQqV/GlEa8RLhx+v8g==",
      "license": "MIT",
      "dependencies": {
        "be-enhanced": "0.0.170",
        "be-hive": "0.0.250",
        "mount-observer": "0.0.45",
        "trans-render": "0.0.889"
      }
    }
  }
}
